Microsoft Visual Studio Solution File, Format Version 12.00
# Visual Studio Version 17
VisualStudioVersion = 17.5.2.0
MinimumVisualStudioVersion = 10.0.40219.1
Project("{FAE04EC0-301F-11D3-BF4B-00C04F79EFBC}") = "ECommerce.Domain", "ECommerce.Domain\ECommerce.Domain.csproj", "{68B2CB4B-5355-4198-98E4-7E23CE01C6C9}"
EndProject
Project("{FAE04EC0-301F-11D3-BF4B-00C04F79EFBC}") = "ECommerce.Application", "ECommerce.Application\ECommerce.Application.csproj", "{06248B8D-762D-41C4-87B3-61609AF539BF}"
EndProject
Project("{FAE04EC0-301F-11D3-BF4B-00C04F79EFBC}") = "ECommerce.Infrastructure", "ECommerce.Infrastructure\ECommerce.Infrastructure.csproj", "{00A264B1-CB74-4102-B460-D57DC8B3B245}"
EndProject
Project("{FAE04EC0-301F-11D3-BF4B-00C04F79EFBC}") = "ECommerce.API", "ECommerce.API\ECommerce.API.csproj", "{4B1B71AE-8598-41FB-84A7-A72501245E25}"
EndProject
Global
	GlobalSection(SolutionConfigurationPlatforms) = preSolution
		Debug|Any CPU = Debug|Any CPU
		Release|Any CPU = Release|Any CPU
	EndGlobalSection
	GlobalSection(ProjectConfigurationPlatforms) = postSolution
		{68B2CB4B-5355-4198-98E4-7E23CE01C6C9}.Debug|Any CPU.ActiveCfg = Debug|Any CPU
		{68B2CB4B-5355-4198-98E4-7E23CE01C6C9}.Debug|Any CPU.Build.0 = Debug|Any CPU
		{68B2CB4B-5355-4198-98E4-7E23CE01C6C9}.Release|Any CPU.ActiveCfg = Release|Any CPU
		{68B2CB4B-5355-4198-98E4-7E23CE01C6C9}.Release|Any CPU.Build.0 = Release|Any CPU
		{06248B8D-762D-41C4-87B3-61609AF539BF}.Debug|Any CPU.ActiveCfg = Debug|Any CPU
		{06248B8D-762D-41C4-87B3-61609AF539BF}.Debug|Any CPU.Build.0 = Debug|Any CPU
		{06248B8D-762D-41C4-87B3-61609AF539BF}.Release|Any CPU.ActiveCfg = Release|Any CPU
		{06248B8D-762D-41C4-87B3-61609AF539BF}.Release|Any CPU.Build.0 = Release|Any CPU
		{00A264B1-CB74-4102-B460-D57DC8B3B245}.Debug|Any CPU.ActiveCfg = Debug|Any CPU
		{00A264B1-CB74-4102-B460-D57DC8B3B245}.Debug|Any CPU.Build.0 = Debug|Any CPU
		{00A264B1-CB74-4102-B460-D57DC8B3B245}.Release|Any CPU.ActiveCfg = Release|Any CPU
		{00A264B1-CB74-4102-B460-D57DC8B3B245}.Release|Any CPU.Build.0 = Release|Any CPU
		{4B1B71AE-8598-41FB-84A7-A72501245E25}.Debug|Any CPU.ActiveCfg = Debug|Any CPU
		{4B1B71AE-8598-41FB-84A7-A72501245E25}.Debug|Any CPU.Build.0 = Debug|Any CPU
		{4B1B71AE-8598-41FB-84A7-A72501245E25}.Release|Any CPU.ActiveCfg = Release|Any CPU
		{4B1B71AE-8598-41FB-84A7-A72501245E25}.Release|Any CPU.Build.0 = Release|Any CPU
	EndGlobalSection
	GlobalSection(SolutionProperties) = preSolution
		HideSolutionNode = FALSE
	EndGlobalSection
	GlobalSection(ExtensibilityGlobals) = postSolution
		SolutionGuid = {E3ECE7B9-10BD-4571-8AA7-0671A688B0D8}
	EndGlobalSection
EndGlobal
